
Microsoft Visual Studio Solution File, Format Version 12.00
# Visual Studio Version 16
VisualStudioVersion = 16.0.30523.141
MinimumVisualStudioVersion = 10.0.40219.1
Project("{FAE04EC0-301F-11D3-BF4B-00C04F79EFBC}") = "UnderstandingScope", "UnderstandingScope\UnderstandingScope.csproj", "{E32D4188-495A-4359-89D8-CF3799397866}"
EndProject
Global
	GlobalSection(SolutionConfigurationPlatforms) = preSolution
		Debug|Any CPU = Debug|Any CPU
		Release|Any CPU = Release|Any CPU
	EndGlobalSection
	GlobalSection(ProjectConfigurationPlatforms) = postSolution
		{E32D4188-495A-4359-89D8-CF3799397866}.Debug|Any CPU.ActiveCfg = Debug|Any CPU
		{E32D4188-495A-4359-89D8-CF3799397866}.Debug|Any CPU.Build.0 = Debug|Any CPU
		{E32D4188-495A-4359-89D8-CF3799397866}.Release|Any CPU.ActiveCfg = Release|Any CPU
		{E32D4188-495A-4359-89D8-CF3799397866}.Release|Any CPU.Build.0 = Release|Any CPU
	EndGlobalSection
	GlobalSection(SolutionProperties) = preSolution
		HideSolutionNode = FALSE
	EndGlobalSection
	GlobalSection(ExtensibilityGlobals) = postSolution
		SolutionGuid = {31FD28B3-F31E-4DAB-B90F-CE0D113C26F4}
	EndGlobalSection
EndGlobal
